
Microsoft Visual Studio Solution File, Format Version 12.00
# Visual Studio 14
VisualStudioVersion = 14.0.25420.1
MinimumVisualStudioVersion = 10.0.40219.1
Project("{FAE04EC0-301F-11D3-BF4B-00C04F79EFBC}") = "Bank", "Bank\Bank.csproj", "{DE31B4F7-344D-4D10-9A7C-5959CD934554}"
EndProject
Project("{FAE04EC0-301F-11D3-BF4B-00C04F79EFBC}") = "BankTest", "BankTest\BankTest.csproj", "{02CB36EA-362B-455A-BE74-555CF870B434}"
EndProject
Global
	GlobalSection(SolutionConfigurationPlatforms) = preSolution
		Debug|Any CPU = Debug|Any CPU
		Release|Any CPU = Release|Any CPU
	EndGlobalSection
	GlobalSection(ProjectConfigurationPlatforms) = postSolution
		{DE31B4F7-344D-4D10-9A7C-5959CD934554}.Debug|Any CPU.ActiveCfg = Debug|Any CPU
		{DE31B4F7-344D-4D10-9A7C-5959CD934554}.Debug|Any CPU.Build.0 = Debug|Any CPU
		{DE31B4F7-344D-4D10-9A7C-5959CD934554}.Release|Any CPU.ActiveCfg = Release|Any CPU
		{DE31B4F7-344D-4D10-9A7C-5959CD934554}.Release|Any CPU.Build.0 = Release|Any CPU
		{02CB36EA-362B-455A-BE74-555CF870B434}.Debug|Any CPU.ActiveCfg = Debug|Any CPU
		{02CB36EA-362B-455A-BE74-555CF870B434}.Debug|Any CPU.Build.0 = Debug|Any CPU
		{02CB36EA-362B-455A-BE74-555CF870B434}.Release|Any CPU.ActiveCfg = Release|Any CPU
		{02CB36EA-362B-455A-BE74-555CF870B434}.Release|Any CPU.Build.0 = Release|Any CPU
	EndGlobalSection
	GlobalSection(SolutionProperties) = preSolution
		HideSolutionNode = FALSE
	EndGlobalSection
EndGlobal
